
Microsoft Visual Studio Solution File, Format Version 12.00
# Visual Studio Version 16
VisualStudioVersion = 16.0.29009.5
MinimumVisualStudioVersion = 10.0.40219.1
Project("{9A19103F-16F7-4668-BE54-9A1E7A4F7556}") = "Grains.Interfaces", "Grains.Interfaces\Grains.Interfaces.csproj", "{4C76525B-DC42-4A9A-904E-26D35EE106DF}"
EndProject
Project("{9A19103F-16F7-4668-BE54-9A1E7A4F7556}") = "Grains", "Grains\Grains.csproj", "{7BBA808F-A8A9-42C9-BD48-5EE1F92100B1}"
EndProject
Project("{9A19103F-16F7-4668-BE54-9A1E7A4F7556}") = "TicketingApi", "TicketingApi\TicketingApi.csproj", "{2BF37183-8B08-4670-A84C-568F7FD6DCDE}"
EndProject
Project("{9A19103F-16F7-4668-BE54-9A1E7A4F7556}") = "Silo", "Silo\Silo.csproj", "{4E4CF590-368C-40F6-9CBC-88683123B388}"
EndProject
Project("{9A19103F-16F7-4668-BE54-9A1E7A4F7556}") = "Repositories", "Repositories\Repositories.csproj", "{9FA18E5C-8153-40C5-9F5C-E1E371645262}"
EndProject
Project("{9A19103F-16F7-4668-BE54-9A1E7A4F7556}") = "Ticketing.Models", "..\Ticketing.Models\Ticketing.Models.csproj", "{4A335AAF-CC4C-499E-BBD6-55F277ED361A}"
EndProject
Project("{9A19103F-16F7-4668-BE54-9A1E7A4F7556}") = "Utils", "..\Utils\Utils.csproj", "{F4292DC1-46BA-4DF0-B208-3A56D0B8F87F}"
EndProject
Project("{9A19103F-16F7-4668-BE54-9A1E7A4F7556}") = "Admin.View", "..\Admin.Console\Admin.View.csproj", "{2010F62D-0CAC-4975-8D0A-24EB16F997E7}"
EndProject
Project("{2150E333-8FDC-42A3-9474-1A3956D46DE8}") = "GrainProjects", "GrainProjects", "{BE424452-C76B-49BF-8ABE-336FC67D482A}"
EndProject
Project("{2150E333-8FDC-42A3-9474-1A3956D46DE8}") = "TheRest", "TheRest", "{73CBCB86-2B9D-41F7-87F0-D084B9D68EA3}"
EndProject
Project("{2150E333-8FDC-42A3-9474-1A3956D46DE8}") = "hostAndClients", "hostAndClients", "{ECF0D54C-3C35-4E8F-BC48-00E8F26E4448}"
EndProject
Global
	GlobalSection(SolutionConfigurationPlatforms) = preSolution
		Debug|Any CPU = Debug|Any CPU
		Release|Any CPU = Release|Any CPU
	EndGlobalSection
	GlobalSection(ProjectConfigurationPlatforms) = postSolution
		{4C76525B-DC42-4A9A-904E-26D35EE106DF}.Debug|Any CPU.ActiveCfg = Debug|Any CPU
		{4C76525B-DC42-4A9A-904E-26D35EE106DF}.Debug|Any CPU.Build.0 = Debug|Any CPU
		{4C76525B-DC42-4A9A-904E-26D35EE106DF}.Release|Any CPU.ActiveCfg = Release|Any CPU
		{4C76525B-DC42-4A9A-904E-26D35EE106DF}.Release|Any CPU.Build.0 = Release|Any CPU
		{7BBA808F-A8A9-42C9-BD48-5EE1F92100B1}.Debug|Any CPU.ActiveCfg = Debug|Any CPU
		{7BBA808F-A8A9-42C9-BD48-5EE1F92100B1}.Debug|Any CPU.Build.0 = Debug|Any CPU
		{7BBA808F-A8A9-42C9-BD48-5EE1F92100B1}.Release|Any CPU.ActiveCfg = Release|Any CPU
		{7BBA808F-A8A9-42C9-BD48-5EE1F92100B1}.Release|Any CPU.Build.0 = Release|Any CPU
		{2BF37183-8B08-4670-A84C-568F7FD6DCDE}.Debug|Any CPU.ActiveCfg = Debug|Any CPU
		{2BF37183-8B08-4670-A84C-568F7FD6DCDE}.Debug|Any CPU.Build.0 = Debug|Any CPU
		{2BF37183-8B08-4670-A84C-568F7FD6DCDE}.Release|Any CPU.ActiveCfg = Release|Any CPU
		{2BF37183-8B08-4670-A84C-568F7FD6DCDE}.Release|Any CPU.Build.0 = Release|Any CPU
		{4E4CF590-368C-40F6-9CBC-88683123B388}.Debug|Any CPU.ActiveCfg = Debug|Any CPU
		{4E4CF590-368C-40F6-9CBC-88683123B388}.Debug|Any CPU.Build.0 = Debug|Any CPU
		{4E4CF590-368C-40F6-9CBC-88683123B388}.Release|Any CPU.ActiveCfg = Release|Any CPU
		{4E4CF590-368C-40F6-9CBC-88683123B388}.Release|Any CPU.Build.0 = Release|Any CPU
		{9FA18E5C-8153-40C5-9F5C-E1E371645262}.Debug|Any CPU.ActiveCfg = Debug|Any CPU
		{9FA18E5C-8153-40C5-9F5C-E1E371645262}.Debug|Any CPU.Build.0 = Debug|Any CPU
		{9FA18E5C-8153-40C5-9F5C-E1E371645262}.Release|Any CPU.ActiveCfg = Release|Any CPU
		{9FA18E5C-8153-40C5-9F5C-E1E371645262}.Release|Any CPU.Build.0 = Release|Any CPU
		{4A335AAF-CC4C-499E-BBD6-55F277ED361A}.Debug|Any CPU.ActiveCfg = Debug|Any CPU
		{4A335AAF-CC4C-499E-BBD6-55F277ED361A}.Debug|Any CPU.Build.0 = Debug|Any CPU
		{4A335AAF-CC4C-499E-BBD6-55F277ED361A}.Release|Any CPU.ActiveCfg = Release|Any CPU
		{4A335AAF-CC4C-499E-BBD6-55F277ED361A}.Release|Any CPU.Build.0 = Release|Any CPU
		{F4292DC1-46BA-4DF0-B208-3A56D0B8F87F}.Debug|Any CPU.ActiveCfg = Debug|Any CPU
		{F4292DC1-46BA-4DF0-B208-3A56D0B8F87F}.Debug|Any CPU.Build.0 = Debug|Any CPU
		{F4292DC1-46BA-4DF0-B208-3A56D0B8F87F}.Release|Any CPU.ActiveCfg = Release|Any CPU
		{F4292DC1-46BA-4DF0-B208-3A56D0B8F87F}.Release|Any CPU.Build.0 = Release|Any CPU
		{2010F62D-0CAC-4975-8D0A-24EB16F997E7}.Debug|Any CPU.ActiveCfg = Debug|Any CPU
		{2010F62D-0CAC-4975-8D0A-24EB16F997E7}.Debug|Any CPU.Build.0 = Debug|Any CPU
		{2010F62D-0CAC-4975-8D0A-24EB16F997E7}.Release|Any CPU.ActiveCfg = Release|Any CPU
		{2010F62D-0CAC-4975-8D0A-24EB16F997E7}.Release|Any CPU.Build.0 = Release|Any CPU
	EndGlobalSection
	GlobalSection(SolutionProperties) = preSolution
		HideSolutionNode = FALSE
	EndGlobalSection
	GlobalSection(NestedProjects) = preSolution
		{4C76525B-DC42-4A9A-904E-26D35EE106DF} = {BE424452-C76B-49BF-8ABE-336FC67D482A}
		{7BBA808F-A8A9-42C9-BD48-5EE1F92100B1} = {BE424452-C76B-49BF-8ABE-336FC67D482A}
		{2BF37183-8B08-4670-A84C-568F7FD6DCDE} = {ECF0D54C-3C35-4E8F-BC48-00E8F26E4448}
		{4E4CF590-368C-40F6-9CBC-88683123B388} = {ECF0D54C-3C35-4E8F-BC48-00E8F26E4448}
		{9FA18E5C-8153-40C5-9F5C-E1E371645262} = {73CBCB86-2B9D-41F7-87F0-D084B9D68EA3}
		{4A335AAF-CC4C-499E-BBD6-55F277ED361A} = {BE424452-C76B-49BF-8ABE-336FC67D482A}
		{F4292DC1-46BA-4DF0-B208-3A56D0B8F87F} = {73CBCB86-2B9D-41F7-87F0-D084B9D68EA3}
		{2010F62D-0CAC-4975-8D0A-24EB16F997E7} = {ECF0D54C-3C35-4E8F-BC48-00E8F26E4448}
	EndGlobalSection
	GlobalSection(ExtensibilityGlobals) = postSolution
		SolutionGuid = {60017256-4D28-4F6B-A108-2534629167F6}
	EndGlobalSection
EndGlobal
